// !$*UTF8*$!
{
	archiveVersion = 1;
	classes = {
	};
	objectVersion = 77;
	objects = {

/* Begin PBXBuildFile section */
		097FE1ED2F5D31300011C372 /* AppDelegate.swift in Sources */ = {isa = PBXBuildFile; fileRef = 097FE1EC2F5D31300011C372 /* AppDelegate.swift */; };
		097FE1EF2F5D31300011C372 /* SceneDelegate.swift in Sources */ = {isa = PBXBuildFile; fileRef = 097FE1EE2F5D31300011C372 /* SceneDelegate.swift */; };
		097FE1F22F5D31300011C372 /* LaunchScreen.storyboard in Resources */ = {isa = PBXBuildFile; fileRef = 097FE1F02F5D31300011C372 /* LaunchScreen.storyboard */; };
		097FE1F52F5D31300011C372 /* Main.storyboard in Resources */ = {isa = PBXBuildFile; fileRef = 097FE1F32F5D31300011C372 /* Main.storyboard */; };
		097FE1FE2F5D31300011C372 /* AppDelegate.swift in Sources */ = {isa = PBXBuildFile; fileRef = 097FE1FD2F5D31300011C372 /* AppDelegate.swift */; };
		097FE2012F5D31300011C372 /* Main.storyboard in Resources */ = {isa = PBXBuildFile; fileRef = 097FE1FF2F5D31300011C372 /* Main.storyboard */; };
		097FE2082F5D31300011C372 /* ToThreadCapture Extension.appex in Embed Foundation Extensions */ = {isa = PBXBuildFile; fileRef = 097FE2072F5D31300011C372 /* ToThreadCapture Extension.appex */; settings = {ATTRIBUTES = (RemoveHeadersOnCopy, ); }; };
		097FE2122F5D31300011C372 /* ToThreadCapture Extension.appex in Embed Foundation Extensions */ = {isa = PBXBuildFile; fileRef = 097FE2112F5D31300011C372 /* ToThreadCapture Extension.appex */; settings = {ATTRIBUTES = (RemoveHeadersOnCopy, ); }; };
		097FE2172F5D31300011C372 /* Main.html in Resources */ = {isa = PBXBuildFile; fileRef = 097FE1DC2F5D312F0011C372 /* Main.html */; };
		097FE2182F5D31300011C372 /* Main.html in Resources */ = {isa = PBXBuildFile; fileRef = 097FE1DC2F5D312F0011C372 /* Main.html */; };
		097FE2192F5D31300011C372 /* Icon.png in Resources */ = {isa = PBXBuildFile; fileRef = 097FE1DE2F5D312F0011C372 /* Icon.png */; };
		097FE21A2F5D31300011C372 /* Icon.png in Resources */ = {isa = PBXBuildFile; fileRef = 097FE1DE2F5D312F0011C372 /* Icon.png */; };
		097FE21B2F5D31300011C372 /* Style.css in Resources */ = {isa = PBXBuildFile; fileRef = 097FE1DF2F5D312F0011C372 /* Style.css */; };
		097FE21C2F5D31300011C372 /* Style.css in Resources */ = {isa = PBXBuildFile; fileRef = 097FE1DF2F5D312F0011C372 /* Style.css */; };
		097FE21D2F5D31300011C372 /* Script.js in Resources */ = {isa = PBXBuildFile; fileRef = 097FE1E02F5D312F0011C372 /* Script.js */; };
		097FE21E2F5D31300011C372 /* Script.js in Resources */ = {isa = PBXBuildFile; fileRef = 097FE1E02F5D312F0011C372 /* Script.js */; };
		097FE21F2F5D31300011C372 /* ViewController.swift in Sources */ = {isa = PBXBuildFile; fileRef = 097FE1E12F5D312F0011C372 /* ViewController.swift */; };
		097FE2202F5D31300011C372 /* ViewController.swift in Sources */ = {isa = PBXBuildFile; fileRef = 097FE1E12F5D312F0011C372 /* ViewController.swift */; };
		097FE2212F5D31300011C372 /* Assets.xcassets in Resources */ = {isa = PBXBuildFile; fileRef = 097FE1E22F5D31300011C372 /* Assets.xcassets */; };
		097FE2222F5D31300011C372 /* Assets.xcassets in Resources */ = {isa = PBXBuildFile; fileRef = 097FE1E22F5D31300011C372 /* Assets.xcassets */; };
		097FE2232F5D31300011C372 /* SafariWebExtensionHandler.swift in Sources */ = {isa = PBXBuildFile; fileRef = 097FE1E42F5D31300011C372 /* SafariWebExtensionHandler.swift */; };
		097FE2242F5D31300011C372 /* SafariWebExtensionHandler.swift in Sources */ = {isa = PBXBuildFile; fileRef = 097FE1E42F5D31300011C372 /* SafariWebExtensionHandler.swift */; };
		097FE23B2F5D31300011C372 /* popup.js in Resources */ = {isa = PBXBuildFile; fileRef = 097FE2362F5D31300011C372 /* popup.js */; };
		097FE23C2F5D31300011C372 /* background.js in Resources */ = {isa = PBXBuildFile; fileRef = 097FE2372F5D31300011C372 /* background.js */; };
		097FE23D2F5D31300011C372 /* popup.html in Resources */ = {isa = PBXBuildFile; fileRef = 097FE2382F5D31300011C372 /* popup.html */; };
		097FE23E2F5D31300011C372 /* manifest.json in Resources */ = {isa = PBXBuildFile; fileRef = 097FE2392F5D31300011C372 /* manifest.json */; };
		097FE23F2F5D31300011C372 /* content.js in Resources */ = {isa = PBXBuildFile; fileRef = 097FE23A2F5D31300011C372 /* content.js */; };
		097FE2402F5D31300011C372 /* popup.js in Resources */ = {isa = PBXBuildFile; fileRef = 097FE2362F5D31300011C372 /* popup.js */; };
		097FE2412F5D31300011C372 /* background.js in Resources */ = {isa = PBXBuildFile; fileRef = 097FE2372F5D31300011C372 /* background.js */; };
		097FE2422F5D31300011C372 /* popup.html in Resources */ = {isa = PBXBuildFile; fileRef = 097FE2382F5D31300011C372 /* popup.html */; };
		097FE2432F5D31300011C372 /* manifest.json in Resources */ = {isa = PBXBuildFile; fileRef = 097FE2392F5D31300011C372 /* manifest.json */; };
		097FE2442F5D31300011C372 /* content.js in Resources */ = {isa = PBXBuildFile; fileRef = 097FE23A2F5D31300011C372 /* content.js */; };
/* End PBXBuildFile section */

/* Begin PBXContainerItemProxy section */
		097FE2092F5D31300011C372 /* PBXContainerItemProxy */ = {
			isa = PBXContainerItemProxy;
			containerPortal = 097FE1D62F5D312F0011C372 /* Project object */;
			proxyType = 1;
			remoteGlobalIDString = 097FE2062F5D31300011C372;
			remoteInfo = "ToThreadCapture Extension (iOS)";
		};
		097FE2132F5D31300011C372 /* PBXContainerItemProxy */ = {
			isa = PBXContainerItemProxy;
			containerPortal = 097FE1D62F5D312F0011C372 /* Project object */;
			proxyType = 1;
			remoteGlobalIDString = 097FE2102F5D31300011C372;
			remoteInfo = "ToThreadCapture Extension (macOS)";
		};
/* End PBXContainerItemProxy section */

/* Begin PBXCopyFilesBuildPhase section */
		097FE22A2F5D31300011C372 /* Embed Foundation Extensions */ = {
			isa = PBXCopyFilesBuildPhase;
			buildActionMask = 2147483647;
			dstPath = "";
			dstSubfolderSpec = 13;
			files = (
				097FE2082F5D31300011C372 /* ToThreadCapture Extension.appex in Embed Foundation Extensions */,
			);
			name = "Embed Foundation Extensions";
			runOnlyForDeploymentPostprocessing = 0;
		};
		097FE2312F5D31300011C372 /* Embed Foundation Extensions */ = {
			isa = PBXCopyFilesBuildPhase;
			buildActionMask = 2147483647;
			dstPath = "";
			dstSubfolderSpec = 13;
			files = (
				097FE2122F5D31300011C372 /* ToThreadCapture Extension.appex in Embed Foundation Extensions */,
			);
			name = "Embed Foundation Extensions";
			runOnlyForDeploymentPostprocessing = 0;
		};
/* End PBXCopyFilesBuildPhase section */

/* Begin PBXFileReference section */
		097865702F5D34F400C3CAD0 /* ToThreadCapture Extension (macOS).entitlements */ = {isa = PBXFileReference; lastKnownFileType = text.plist.entitlements; path = "ToThreadCapture Extension (macOS).entitlements"; sourceTree = "<group>"; };
		097FE1DD2F5D312F0011C372 /* Base */ = {isa = PBXFileReference; lastKnownFileType = text.html; name = Base; path = Base.lproj/Main.html; sourceTree = "<group>"; };
		097FE1DE2F5D312F0011C372 /* Icon.png */ = {isa = PBXFileReference; lastKnownFileType = image.png; path = Icon.png; sourceTree = "<group>"; };
		097FE1DF2F5D312F0011C372 /* Style.css */ = {isa = PBXFileReference; lastKnownFileType = text.css; path = Style.css; sourceTree = "<group>"; };
		097FE1E02F5D312F0011C372 /* Script.js */ = {isa = PBXFileReference; lastKnownFileType = sourcecode.javascript; path = Script.js; sourceTree = "<group>"; };
		097FE1E12F5D312F0011C372 /* ViewController.swift */ = {isa = PBXFileReference; lastKnownFileType = sourcecode.swift; path = ViewController.swift; sourceTree = "<group>"; };
		097FE1E22F5D31300011C372 /* Assets.xcassets */ = {isa = PBXFileReference; lastKnownFileType = folder.assetcatalog; path = Assets.xcassets; sourceTree = "<group>"; };
		097FE1E42F5D31300011C372 /* SafariWebExtensionHandler.swift */ = {isa = PBXFileReference; lastKnownFileType = sourcecode.swift; path = SafariWebExtensionHandler.swift; sourceTree = "<group>"; };
		097FE1E92F5D31300011C372 /* ToThreadCapture.app */ = {isa = PBXFileReference; explicitFileType = wrapper.application; includeInIndex = 0; path = ToThreadCapture.app; sourceTree = BUILT_PRODUCTS_DIR; };
		097FE1EC2F5D31300011C372 /* AppDelegate.swift */ = {isa = PBXFileReference; lastKnownFileType = sourcecode.swift; path = AppDelegate.swift; sourceTree = "<group>"; };
		097FE1EE2F5D31300011C372 /* SceneDelegate.swift */ = {isa = PBXFileReference; lastKnownFileType = sourcecode.swift; path = SceneDelegate.swift; sourceTree = "<group>"; };
		097FE1F12F5D31300011C372 /* Base */ = {isa = PBXFileReference; lastKnownFileType = file.storyboard; name = Base; path = Base.lproj/LaunchScreen.storyboard; sourceTree = "<group>"; };
		097FE1F42F5D31300011C372 /* Base */ = {isa = PBXFileReference; lastKnownFileType = file.storyboard; name = Base; path = Base.lproj/Main.storyboard; sourceTree = "<group>"; };
		097FE1F62F5D31300011C372 /* Info.plist */ = {isa = PBXFileReference; lastKnownFileType = text.plist.xml; path = Info.plist; sourceTree = "<group>"; };
		097FE1FB2F5D31300011C372 /* ToThreadCapture.app */ = {isa = PBXFileReference; explicitFileType = wrapper.application; includeInIndex = 0; path = ToThreadCapture.app; sourceTree = BUILT_PRODUCTS_DIR; };
		097FE1FD2F5D31300011C372 /* AppDelegate.swift */ = {isa = PBXFileReference; lastKnownFileType = sourcecode.swift; path = AppDelegate.swift; sourceTree = "<group>"; };
		097FE2002F5D31300011C372 /* Base */ = {isa = PBXFileReference; lastKnownFileType = file.storyboard; name = Base; path = Base.lproj/Main.storyboard; sourceTree = "<group>"; };
		097FE2022F5D31300011C372 /* Info.plist */ = {isa = PBXFileReference; lastKnownFileType = text.plist.xml; path = Info.plist; sourceTree = "<group>"; };
		097FE2072F5D31300011C372 /* ToThreadCapture Extension.appex */ = {isa = PBXFileReference; explicitFileType = "wrapper.app-extension"; includeInIndex = 0; path = "ToThreadCapture Extension.appex"; sourceTree = BUILT_PRODUCTS_DIR; };
		097FE20C2F5D31300011C372 /* Info.plist */ = {isa = PBXFileReference; lastKnownFileType = text.plist.xml; path = Info.plist; sourceTree = "<group>"; };
		097FE2112F5D31300011C372 /* ToThreadCapture Extension.appex */ = {isa = PBXFileReference; explicitFileType = "wrapper.app-extension"; includeInIndex = 0; path = "ToThreadCapture Extension.appex"; sourceTree = BUILT_PRODUCTS_DIR; };
		097FE2162F5D31300011C372 /* Info.plist */ = {isa = PBXFileReference; lastKnownFileType = text.plist.xml; path = Info.plist; sourceTree = "<group>"; };
		097FE2362F5D31300011C372 /* popup.js */ = {isa = PBXFileReference; lastKnownFileType = sourcecode.javascript; name = popup.js; path = ../../../SafariCaptureExtensionSeed/popup.js; sourceTree = "<group>"; };
		097FE2372F5D31300011C372 /* background.js */ = {isa = PBXFileReference; lastKnownFileType = sourcecode.javascript; name = background.js; path = ../../../SafariCaptureExtensionSeed/background.js; sourceTree = "<group>"; };
		097FE2382F5D31300011C372 /* popup.html */ = {isa = PBXFileReference; lastKnownFileType = text.html; name = popup.html; path = ../../../SafariCaptureExtensionSeed/popup.html; sourceTree = "<group>"; };
		097FE2392F5D31300011C372 /* manifest.json */ = {isa = PBXFileReference; lastKnownFileType = text.json; name = manifest.json; path = ../../../SafariCaptureExtensionSeed/manifest.json; sourceTree = "<group>"; };
		097FE23A2F5D31300011C372 /* content.js */ = {isa = PBXFileReference; lastKnownFileType = sourcecode.javascript; name = content.js; path = ../../../SafariCaptureExtensionSeed/content.js; sourceTree = "<group>"; };
/* End PBXFileReference section */

/* Begin PBXFrameworksBuildPhase section */
		097FE1E62F5D31300011C372 /* Frameworks */ = {
			isa = PBXFrameworksBuildPhase;
			buildActionMask = 2147483647;
			files = (
			);
			runOnlyForDeploymentPostprocessing = 0;
		};
		097FE1F82F5D31300011C372 /* Frameworks */ = {
			isa = PBXFrameworksBuildPhase;
			buildActionMask = 2147483647;
			files = (
			);
			runOnlyForDeploymentPostprocessing = 0;
		};
		097FE2042F5D31300011C372 /* Frameworks */ = {
			isa = PBXFrameworksBuildPhase;
			buildActionMask = 2147483647;
			files = (
			);
			runOnlyForDeploymentPostprocessing = 0;
		};
		097FE20E2F5D31300011C372 /* Frameworks */ = {
			isa = PBXFrameworksBuildPhase;
			buildActionMask = 2147483647;
			files = (
			);
			runOnlyForDeploymentPostprocessing = 0;
		};
/* End PBXFrameworksBuildPhase section */

/* Begin PBXGroup section */
		097FE1D52F5D312F0011C372 = {
			isa = PBXGroup;
			children = (
				097865702F5D34F400C3CAD0 /* ToThreadCapture Extension (macOS).entitlements */,
				097FE1DA2F5D312F0011C372 /* Shared (App) */,
				097FE1E32F5D31300011C372 /* Shared (Extension) */,
				097FE1EB2F5D31300011C372 /* iOS (App) */,
				097FE1FC2F5D31300011C372 /* macOS (App) */,
				097FE20B2F5D31300011C372 /* iOS (Extension) */,
				097FE2152F5D31300011C372 /* macOS (Extension) */,
				097FE1EA2F5D31300011C372 /* Products */,
			);
			sourceTree = "<group>";
		};
		097FE1DA2F5D312F0011C372 /* Shared (App) */ = {
			isa = PBXGroup;
			children = (
				097FE1E12F5D312F0011C372 /* ViewController.swift */,
				097FE1E22F5D31300011C372 /* Assets.xcassets */,
				097FE1DB2F5D312F0011C372 /* Resources */,
			);
			path = "Shared (App)";
			sourceTree = "<group>";
		};
		097FE1DB2F5D312F0011C372 /* Resources */ = {
			isa = PBXGroup;
			children = (
				097FE1DC2F5D312F0011C372 /* Main.html */,
				097FE1DE2F5D312F0011C372 /* Icon.png */,
				097FE1DF2F5D312F0011C372 /* Style.css */,
				097FE1E02F5D312F0011C372 /* Script.js */,
			);
			path = Resources;
			sourceTree = "<group>";
		};
		097FE1E32F5D31300011C372 /* Shared (Extension) */ = {
			isa = PBXGroup;
			children = (
				097FE2352F5D31300011C372 /* Resources */,
				097FE1E42F5D31300011C372 /* SafariWebExtensionHandler.swift */,
			);
			path = "Shared (Extension)";
			sourceTree = "<group>";
		};
		097FE1EA2F5D31300011C372 /* Products */ = {
			isa = PBXGroup;
			children = (
				097FE1E92F5D31300011C372 /* ToThreadCapture.app */,
				097FE1FB2F5D31300011C372 /* ToThreadCapture.app */,
				097FE2072F5D31300011C372 /* ToThreadCapture Extension.appex */,
				097FE2112F5D31300011C372 /* ToThreadCapture Extension.appex */,
			);
			name = Products;
			sourceTree = "<group>";
		};
		097FE1EB2F5D31300011C372 /* iOS (App) */ = {
			isa = PBXGroup;
			children = (
				097FE1EC2F5D31300011C372 /* AppDelegate.swift */,
				097FE1EE2F5D31300011C372 /* SceneDelegate.swift */,
				097FE1F02F5D31300011C372 /* LaunchScreen.storyboard */,
				097FE1F32F5D31300011C372 /* Main.storyboard */,
				097FE1F62F5D31300011C372 /* Info.plist */,
			);
			path = "iOS (App)";
			sourceTree = "<group>";
		};
		097FE1FC2F5D31300011C372 /* macOS (App) */ = {
			isa = PBXGroup;
			children = (
				097FE1FD2F5D31300011C372 /* AppDelegate.swift */,
				097FE1FF2F5D31300011C372 /* Main.storyboard */,
				097FE2022F5D31300011C372 /* Info.plist */,
			);
			path = "macOS (App)";
			sourceTree = "<group>";
		};
		097FE20B2F5D31300011C372 /* iOS (Extension) */ = {
			isa = PBXGroup;
			children = (
				097FE20C2F5D31300011C372 /* Info.plist */,
			);
			path = "iOS (Extension)";
			sourceTree = "<group>";
		};
		097FE2152F5D31300011C372 /* macOS (Extension) */ = {
			isa = PBXGroup;
			children = (
				097FE2162F5D31300011C372 /* Info.plist */,
			);
			path = "macOS (Extension)";
			sourceTree = "<group>";
		};
		097FE2352F5D31300011C372 /* Resources */ = {
			isa = PBXGroup;
			children = (
				097FE2362F5D31300011C372 /* popup.js */,
				097FE2372F5D31300011C372 /* background.js */,
				097FE2382F5D31300011C372 /* popup.html */,
				097FE2392F5D31300011C372 /* manifest.json */,
				097FE23A2F5D31300011C372 /* content.js */,
			);
			name = Resources;
			path = "Shared (Extension)";
			sourceTree = SOURCE_ROOT;
		};
/* End PBXGroup section */

/* Begin PBXNativeTarget section */
		097FE1E82F5D31300011C372 /* ToThreadCapture (iOS) */ = {
			isa = PBXNativeTarget;
			buildConfigurationList = 097FE22B2F5D31300011C372 /* Build configuration list for PBXNativeTarget "ToThreadCapture (iOS)" */;
			buildPhases = (
				097FE1E52F5D31300011C372 /* Sources */,
				097FE1E62F5D31300011C372 /* Frameworks */,
				097FE1E72F5D31300011C372 /* Resources */,
				097FE22A2F5D31300011C372 /* Embed Foundation Extensions */,
			);
			buildRules = (
			);
			dependencies = (
				097FE20A2F5D31300011C372 /* PBXTargetDependency */,
			);
			name = "ToThreadCapture (iOS)";
			packageProductDependencies = (
			);
			productName = "ToThreadCapture (iOS)";
			productReference = 097FE1E92F5D31300011C372 /* ToThreadCapture.app */;
			productType = "com.apple.product-type.application";
		};
		097FE1FA2F5D31300011C372 /* ToThreadCapture (macOS) */ = {
			isa = PBXNativeTarget;
			buildConfigurationList = 097FE2322F5D31300011C372 /* Build configuration list for PBXNativeTarget "ToThreadCapture (macOS)" */;
			buildPhases = (
				097FE1F72F5D31300011C372 /* Sources */,
				097FE1F82F5D31300011C372 /* Frameworks */,
				097FE1F92F5D31300011C372 /* Resources */,
				097FE2312F5D31300011C372 /* Embed Foundation Extensions */,
			);
			buildRules = (
			);
			dependencies = (
				097FE2142F5D31300011C372 /* PBXTargetDependency */,
			);
			name = "ToThreadCapture (macOS)";
			packageProductDependencies = (
			);
			productName = "ToThreadCapture (macOS)";
			productReference = 097FE1FB2F5D31300011C372 /* ToThreadCapture.app */;
			productType = "com.apple.product-type.application";
		};
		097FE2062F5D31300011C372 /* ToThreadCapture Extension (iOS) */ = {
			isa = PBXNativeTarget;
			buildConfigurationList = 097FE2272F5D31300011C372 /* Build configuration list for PBXNativeTarget "ToThreadCapture Extension (iOS)" */;
			buildPhases = (
				097FE2032F5D31300011C372 /* Sources */,
				097FE2042F5D31300011C372 /* Frameworks */,
				097FE2052F5D31300011C372 /* Resources */,
			);
			buildRules = (
			);
			dependencies = (
			);
			name = "ToThreadCapture Extension (iOS)";
			packageProductDependencies = (
			);
			productName = "ToThreadCapture Extension (iOS)";
			productReference = 097FE2072F5D31300011C372 /* ToThreadCapture Extension.appex */;
			productType = "com.apple.product-type.app-extension";
		};
		097FE2102F5D31300011C372 /* ToThreadCapture Extension (macOS) */ = {
			isa = PBXNativeTarget;
			buildConfigurationList = 097FE22E2F5D31300011C372 /* Build configuration list for PBXNativeTarget "ToThreadCapture Extension (macOS)" */;
			buildPhases = (
				097FE20D2F5D31300011C372 /* Sources */,
				097FE20E2F5D31300011C372 /* Frameworks */,
				097FE20F2F5D31300011C372 /* Resources */,
			);
			buildRules = (
			);
			dependencies = (
			);
			name = "ToThreadCapture Extension (macOS)";
			packageProductDependencies = (
			);
			productName = "ToThreadCapture Extension (macOS)";
			productReference = 097FE2112F5D31300011C372 /* ToThreadCapture Extension.appex */;
			productType = "com.apple.product-type.app-extension";
		};
/* End PBXNativeTarget section */

/* Begin PBXProject section */
		097FE1D62F5D312F0011C372 /* Project object */ = {
			isa = PBXProject;
			attributes = {
				BuildIndependentTargetsInParallel = 1;
				LastSwiftUpdateCheck = 2630;
				LastUpgradeCheck = 2630;
				TargetAttributes = {
					097FE1E82F5D31300011C372 = {
						CreatedOnToolsVersion = 26.3;
					};
					097FE1FA2F5D31300011C372 = {
						CreatedOnToolsVersion = 26.3;
					};
					097FE2062F5D31300011C372 = {
						CreatedOnToolsVersion = 26.3;
					};
					097FE2102F5D31300011C372 = {
						CreatedOnToolsVersion = 26.3;
					};
				};
			};
			buildConfigurationList = 097FE1D92F5D312F0011C372 /* Build configuration list for PBXProject "ToThreadCapture" */;
			developmentRegion = en;
			hasScannedForEncodings = 0;
			knownRegions = (
				en,
				Base,
			);
			mainGroup = 097FE1D52F5D312F0011C372;
			minimizedProjectReferenceProxies = 1;
			preferredProjectObjectVersion = 77;
			productRefGroup = 097FE1EA2F5D31300011C372 /* Products */;
			projectDirPath = "";
			projectRoot = "";
			targets = (
				097FE1E82F5D31300011C372 /* ToThreadCapture (iOS) */,
				097FE1FA2F5D31300011C372 /* ToThreadCapture (macOS) */,
				097FE2062F5D31300011C372 /* ToThreadCapture Extension (iOS) */,
				097FE2102F5D31300011C372 /* ToThreadCapture Extension (macOS) */,
			);
		};
/* End PBXProject section */

/* Begin PBXResourcesBuildPhase section */
		097FE1E72F5D31300011C372 /* Resources */ = {
			isa = PBXResourcesBuildPhase;
			buildActionMask = 2147483647;
			files = (
				097FE2192F5D31300011C372 /* Icon.png in Resources */,
				097FE1F22F5D31300011C372 /* LaunchScreen.storyboard in Resources */,
				097FE2172F5D31300011C372 /* Main.html in Resources */,
				097FE21D2F5D31300011C372 /* Script.js in Resources */,
				097FE2212F5D31300011C372 /* Assets.xcassets in Resources */,
				097FE1F52F5D31300011C372 /* Main.storyboard in Resources */,
				097FE21B2F5D31300011C372 /* Style.css in Resources */,
			);
			runOnlyForDeploymentPostprocessing = 0;
		};
		097FE1F92F5D31300011C372 /* Resources */ = {
			isa = PBXResourcesBuildPhase;
			buildActionMask = 2147483647;
			files = (
				097FE21A2F5D31300011C372 /* Icon.png in Resources */,
				097FE21C2F5D31300011C372 /* Style.css in Resources */,
				097FE2012F5D31300011C372 /* Main.storyboard in Resources */,
				097FE21E2F5D31300011C372 /* Script.js in Resources */,
				097FE2222F5D31300011C372 /* Assets.xcassets in Resources */,
				097FE2182F5D31300011C372 /* Main.html in Resources */,
			);
			runOnlyForDeploymentPostprocessing = 0;
		};
		097FE2052F5D31300011C372 /* Resources */ = {
			isa = PBXResourcesBuildPhase;
			buildActionMask = 2147483647;
			files = (
				097FE2432F5D31300011C372 /* manifest.json in Resources */,
				097FE2412F5D31300011C372 /* background.js in Resources */,
				097FE2422F5D31300011C372 /* popup.html in Resources */,
				097FE2402F5D31300011C372 /* popup.js in Resources */,
				097FE2442F5D31300011C372 /* content.js in Resources */,
			);
			runOnlyForDeploymentPostprocessing = 0;
		};
		097FE20F2F5D31300011C372 /* Resources */ = {
			isa = PBXResourcesBuildPhase;
			buildActionMask = 2147483647;
			files = (
				097FE23E2F5D31300011C372 /* manifest.json in Resources */,
				097FE23C2F5D31300011C372 /* background.js in Resources */,
				097FE23D2F5D31300011C372 /* popup.html in Resources */,
				097FE23B2F5D31300011C372 /* popup.js in Resources */,
				097FE23F2F5D31300011C372 /* content.js in Resources */,
			);
			runOnlyForDeploymentPostprocessing = 0;
		};
/* End PBXResourcesBuildPhase section */

/* Begin PBXSourcesBuildPhase section */
		097FE1E52F5D31300011C372 /* Sources */ = {
			isa = PBXSourcesBuildPhase;
			buildActionMask = 2147483647;
			files = (
				097FE21F2F5D31300011C372 /* ViewController.swift in Sources */,
				097FE1ED2F5D31300011C372 /* AppDelegate.swift in Sources */,
				097FE1EF2F5D31300011C372 /* SceneDelegate.swift in Sources */,
			);
			runOnlyForDeploymentPostprocessing = 0;
		};
		097FE1F72F5D31300011C372 /* Sources */ = {
			isa = PBXSourcesBuildPhase;
			buildActionMask = 2147483647;
			files = (
				097FE2202F5D31300011C372 /* ViewController.swift in Sources */,
				097FE1FE2F5D31300011C372 /* AppDelegate.swift in Sources */,
			);
			runOnlyForDeploymentPostprocessing = 0;
		};
		097FE2032F5D31300011C372 /* Sources */ = {
			isa = PBXSourcesBuildPhase;
			buildActionMask = 2147483647;
			files = (
				097FE2232F5D31300011C372 /* SafariWebExtensionHandler.swift in Sources */,
			);
			runOnlyForDeploymentPostprocessing = 0;
		};
		097FE20D2F5D31300011C372 /* Sources */ = {
			isa = PBXSourcesBuildPhase;
			buildActionMask = 2147483647;
			files = (
				097FE2242F5D31300011C372 /* SafariWebExtensionHandler.swift in Sources */,
			);
			runOnlyForDeploymentPostprocessing = 0;
		};
/* End PBXSourcesBuildPhase section */

/* Begin PBXTargetDependency section */
		097FE20A2F5D31300011C372 /* PBXTargetDependency */ = {
			isa = PBXTargetDependency;
			target = 097FE2062F5D31300011C372 /* ToThreadCapture Extension (iOS) */;
			targetProxy = 097FE2092F5D31300011C372 /* PBXContainerItemProxy */;
		};
		097FE2142F5D31300011C372 /* PBXTargetDependency */ = {
			isa = PBXTargetDependency;
			target = 097FE2102F5D31300011C372 /* ToThreadCapture Extension (macOS) */;
			targetProxy = 097FE2132F5D31300011C372 /* PBXContainerItemProxy */;
		};
/* End PBXTargetDependency section */

/* Begin PBXVariantGroup section */
		097FE1DC2F5D312F0011C372 /* Main.html */ = {
			isa = PBXVariantGroup;
			children = (
				097FE1DD2F5D312F0011C372 /* Base */,
			);
			name = Main.html;
			sourceTree = "<group>";
		};
		097FE1F02F5D31300011C372 /* LaunchScreen.storyboard */ = {
			isa = PBXVariantGroup;
			children = (
				097FE1F12F5D31300011C372 /* Base */,
			);
			name = LaunchScreen.storyboard;
			sourceTree = "<group>";
		};
		097FE1F32F5D31300011C372 /* Main.storyboard */ = {
			isa = PBXVariantGroup;
			children = (
				097FE1F42F5D31300011C372 /* Base */,
			);
			name = Main.storyboard;
			sourceTree = "<group>";
		};
		097FE1FF2F5D31300011C372 /* Main.storyboard */ = {
			isa = PBXVariantGroup;
			children = (
				097FE2002F5D31300011C372 /* Base */,
			);
			name = Main.storyboard;
			sourceTree = "<group>";
		};
/* End PBXVariantGroup section */

/* Begin XCBuildConfiguration section */
		097FE2252F5D31300011C372 /* Debug */ = {
			isa = XCBuildConfiguration;
			buildSettings = {
				ALWAYS_SEARCH_USER_PATHS = NO;
				ASSETCATALOG_COMPILER_GENERATE_SWIFT_ASSET_SYMBOL_EXTENSIONS = YES;
				CLANG_ANALYZER_NONNULL = YES;
				CLANG_ANALYZER_NUMBER_OBJECT_CONVERSION = YES_AGGRESSIVE;
				CLANG_CXX_LANGUAGE_STANDARD = "gnu++20";
				CLANG_ENABLE_MODULES = YES;
				CLANG_ENABLE_OBJC_ARC = YES;
				CLANG_ENABLE_OBJC_WEAK = YES;
				CLANG_WARN_BLOCK_CAPTURE_AUTORELEASING = YES;
				CLANG_WARN_BOOL_CONVERSION = YES;
				CLANG_WARN_COMMA = YES;
				CLANG_WARN_CONSTANT_CONVERSION = YES;
				CLANG_WARN_DEPRECATED_OBJC_IMPLEMENTATIONS = YES;
				CLANG_WARN_DIRECT_OBJC_ISA_USAGE = YES_ERROR;
				CLANG_WARN_DOCUMENTATION_COMMENTS = YES;
				CLANG_WARN_EMPTY_BODY = YES;
				CLANG_WARN_ENUM_CONVERSION = YES;
				CLANG_WARN_INFINITE_RECURSION = YES;
				CLANG_WARN_INT_CONVERSION = YES;
				CLANG_WARN_NON_LITERAL_NULL_CONVERSION = YES;
				CLANG_WARN_OBJC_IMPLICIT_RETAIN_SELF = YES;
				CLANG_WARN_OBJC_LITERAL_CONVERSION = YES;
				CLANG_WARN_OBJC_ROOT_CLASS = YES_ERROR;
				CLANG_WARN_QUOTED_INCLUDE_IN_FRAMEWORK_HEADER = YES;
				CLANG_WARN_RANGE_LOOP_ANALYSIS = YES;
				CLANG_WARN_STRICT_PROTOTYPES = YES;
				CLANG_WARN_SUSPICIOUS_MOVE = YES;
				CLANG_WARN_UNGUARDED_AVAILABILITY = YES_AGGRESSIVE;
				CLANG_WARN_UNREACHABLE_CODE = YES;
				CLANG_WARN__DUPLICATE_METHOD_MATCH = YES;
				COPY_PHASE_STRIP = NO;
				DEBUG_INFORMATION_FORMAT = dwarf;
				ENABLE_STRICT_OBJC_MSGSEND = YES;
				ENABLE_TESTABILITY = YES;
				ENABLE_USER_SCRIPT_SANDBOXING = YES;
				GCC_C_LANGUAGE_STANDARD = gnu17;
				GCC_DYNAMIC_NO_PIC = NO;
				GCC_NO_COMMON_BLOCKS = YES;
				GCC_OPTIMIZATION_LEVEL = 0;
				GCC_PREPROCESSOR_DEFINITIONS = (
					"DEBUG=1",
					"$(inherited)",
				);
				GCC_WARN_64_TO_32_BIT_CONVERSION = YES;
				GCC_WARN_ABOUT_RETURN_TYPE = YES_ERROR;
				GCC_WARN_UNDECLARED_SELECTOR = YES;
				GCC_WARN_UNINITIALIZED_AUTOS = YES_AGGRESSIVE;
				GCC_WARN_UNUSED_FUNCTION = YES;
				GCC_WARN_UNUSED_VARIABLE = YES;
				LOCALIZATION_PREFERS_STRING_CATALOGS = YES;
				MTL_ENABLE_DEBUG_INFO = INCLUDE_SOURCE;
				MTL_FAST_MATH = YES;
				ONLY_ACTIVE_ARCH = YES;
				SWIFT_ACTIVE_COMPILATION_CONDITIONS = "DEBUG $(inherited)";
				SWIFT_OPTIMIZATION_LEVEL = "-Onone";
			};
			name = Debug;
		};
		097FE2262F5D31300011C372 /* Release */ = {
			isa = XCBuildConfiguration;
			buildSettings = {
				ALWAYS_SEARCH_USER_PATHS = NO;
				ASSETCATALOG_COMPILER_GENERATE_SWIFT_ASSET_SYMBOL_EXTENSIONS = YES;
				CLANG_ANALYZER_NONNULL = YES;
				CLANG_ANALYZER_NUMBER_OBJECT_CONVERSION = YES_AGGRESSIVE;
				CLANG_CXX_LANGUAGE_STANDARD = "gnu++20";
				CLANG_ENABLE_MODULES = YES;
				CLANG_ENABLE_OBJC_ARC = YES;
				CLANG_ENABLE_OBJC_WEAK = YES;
				CLANG_WARN_BLOCK_CAPTURE_AUTORELEASING = YES;
				CLANG_WARN_BOOL_CONVERSION = YES;
				CLANG_WARN_COMMA = YES;
				CLANG_WARN_CONSTANT_CONVERSION = YES;
				CLANG_WARN_DEPRECATED_OBJC_IMPLEMENTATIONS = YES;
				CLANG_WARN_DIRECT_OBJC_ISA_USAGE = YES_ERROR;
				CLANG_WARN_DOCUMENTATION_COMMENTS = YES;
				CLANG_WARN_EMPTY_BODY = YES;
				CLANG_WARN_ENUM_CONVERSION = YES;
				CLANG_WARN_INFINITE_RECURSION = YES;
				CLANG_WARN_INT_CONVERSION = YES;
				CLANG_WARN_NON_LITERAL_NULL_CONVERSION = YES;
				CLANG_WARN_OBJC_IMPLICIT_RETAIN_SELF = YES;
				CLANG_WARN_OBJC_LITERAL_CONVERSION = YES;
				CLANG_WARN_OBJC_ROOT_CLASS = YES_ERROR;
				CLANG_WARN_QUOTED_INCLUDE_IN_FRAMEWORK_HEADER = YES;
				CLANG_WARN_RANGE_LOOP_ANALYSIS = YES;
				CLANG_WARN_STRICT_PROTOTYPES = YES;
				CLANG_WARN_SUSPICIOUS_MOVE = YES;
				CLANG_WARN_UNGUARDED_AVAILABILITY = YES_AGGRESSIVE;
				CLANG_WARN_UNREACHABLE_CODE = YES;
				CLANG_WARN__DUPLICATE_METHOD_MATCH = YES;
				COPY_PHASE_STRIP = NO;
				DEBUG_INFORMATION_FORMAT = "dwarf-with-dsym";
				ENABLE_NS_ASSERTIONS = NO;
				ENABLE_STRICT_OBJC_MSGSEND = YES;
				ENABLE_USER_SCRIPT_SANDBOXING = YES;
				GCC_C_LANGUAGE_STANDARD = gnu17;
				GCC_NO_COMMON_BLOCKS = YES;
				GCC_WARN_64_TO_32_BIT_CONVERSION = YES;
				GCC_WARN_ABOUT_RETURN_TYPE = YES_ERROR;
				GCC_WARN_UNDECLARED_SELECTOR = YES;
				GCC_WARN_UNINITIALIZED_AUTOS = YES_AGGRESSIVE;
				GCC_WARN_UNUSED_FUNCTION = YES;
				GCC_WARN_UNUSED_VARIABLE = YES;
				LOCALIZATION_PREFERS_STRING_CATALOGS = YES;
				MTL_ENABLE_DEBUG_INFO = NO;
				MTL_FAST_MATH = YES;
				SWIFT_COMPILATION_MODE = wholemodule;
			};
			name = Release;
		};
		097FE2282F5D31300011C372 /* Debug */ = {
			isa = XCBuildConfiguration;
			buildSettings = {
				CODE_SIGN_STYLE = Automatic;
				CURRENT_PROJECT_VERSION = 1;
				DEVELOPMENT_TEAM = NXXKXURBXX;
				GENERATE_INFOPLIST_FILE = YES;
				INFOPLIST_FILE = "iOS (Extension)/Info.plist";
				INFOPLIST_KEY_CFBundleDisplayName = "ToThreadCapture Extension";
				INFOPLIST_KEY_NSHumanReadableCopyright = "";
				IPHONEOS_DEPLOYMENT_TARGET = 15.0;
				LD_RUNPATH_SEARCH_PATHS = (
					"$(inherited)",
					"@executable_path/Frameworks",
					"@executable_path/../../Frameworks",
				);
				MARKETING_VERSION = 1.0;
				OTHER_LDFLAGS = (
					"-framework",
					SafariServices,
				);
				PRODUCT_BUNDLE_IDENTIFIER = com.zhian.tothread.capture.Extension;
				PRODUCT_NAME = "ToThreadCapture Extension";
				SDKROOT = iphoneos;
				SKIP_INSTALL = YES;
				STRING_CATALOG_GENERATE_SYMBOLS = YES;
				SWIFT_APPROACHABLE_CONCURRENCY = YES;
				SWIFT_EMIT_LOC_STRINGS = YES;
				SWIFT_UPCOMING_FEATURE_MEMBER_IMPORT_VISIBILITY = YES;
				SWIFT_VERSION = 5.0;
				TARGETED_DEVICE_FAMILY = "1,2";
			};
			name = Debug;
		};
		097FE2292F5D31300011C372 /* Release */ = {
			isa = XCBuildConfiguration;
			buildSettings = {
				CODE_SIGN_STYLE = Automatic;
				CURRENT_PROJECT_VERSION = 1;
				DEVELOPMENT_TEAM = NXXKXURBXX;
				GENERATE_INFOPLIST_FILE = YES;
				INFOPLIST_FILE = "iOS (Extension)/Info.plist";
				INFOPLIST_KEY_CFBundleDisplayName = "ToThreadCapture Extension";
				INFOPLIST_KEY_NSHumanReadableCopyright = "";
				IPHONEOS_DEPLOYMENT_TARGET = 15.0;
				LD_RUNPATH_SEARCH_PATHS = (
					"$(inherited)",
					"@executable_path/Frameworks",
					"@executable_path/../../Frameworks",
				);
				MARKETING_VERSION = 1.0;
				OTHER_LDFLAGS = (
					"-framework",
					SafariServices,
				);
				PRODUCT_BUNDLE_IDENTIFIER = com.zhian.tothread.capture.Extension;
				PRODUCT_NAME = "ToThreadCapture Extension";
				SDKROOT = iphoneos;
				SKIP_INSTALL = YES;
				STRING_CATALOG_GENERATE_SYMBOLS = YES;
				SWIFT_APPROACHABLE_CONCURRENCY = YES;
				SWIFT_EMIT_LOC_STRINGS = YES;
				SWIFT_UPCOMING_FEATURE_MEMBER_IMPORT_VISIBILITY = YES;
				SWIFT_VERSION = 5.0;
				TARGETED_DEVICE_FAMILY = "1,2";
				VALIDATE_PRODUCT = YES;
			};
			name = Release;
		};
		097FE22C2F5D31300011C372 /* Debug */ = {
			isa = XCBuildConfiguration;
			buildSettings = {
				ASSETCATALOG_COMPILER_APPICON_NAME = AppIcon;
				ASSETCATALOG_COMPILER_GLOBAL_ACCENT_COLOR_NAME = AccentColor;
				CODE_SIGN_STYLE = Automatic;
				CURRENT_PROJECT_VERSION = 1;
				DEVELOPMENT_TEAM = NXXKXURBXX;
				GENERATE_INFOPLIST_FILE = YES;
				INFOPLIST_FILE = "iOS (App)/Info.plist";
				INFOPLIST_KEY_CFBundleDisplayName = ToThreadCapture;
				INFOPLIST_KEY_UIApplicationSupportsIndirectInputEvents = YES;
				INFOPLIST_KEY_UILaunchStoryboardName = LaunchScreen;
				INFOPLIST_KEY_UIMainStoryboardFile = Main;
				INFOPLIST_KEY_UISupportedInterfaceOrientations = "UIInterfaceOrientationPortrait UIInterfaceOrientationLandscapeLeft UIInterfaceOrientationLandscapeRight";
				INFOPLIST_KEY_UISupportedInterfaceOrientations_iPad = "UIInterfaceOrientationPortrait UIInterfaceOrientationPortraitUpsideDown UIInterfaceOrientationLandscapeLeft UIInterfaceOrientationLandscapeRight";
				IPHONEOS_DEPLOYMENT_TARGET = 15.0;
				LD_RUNPATH_SEARCH_PATHS = (
					"$(inherited)",
					"@executable_path/Frameworks",
				);
				MARKETING_VERSION = 1.0;
				OTHER_LDFLAGS = (
					"-framework",
					SafariServices,
					"-framework",
					WebKit,
				);
				PRODUCT_BUNDLE_IDENTIFIER = com.zhian.tothread.capture;
				PRODUCT_NAME = ToThreadCapture;
				SDKROOT = iphoneos;
				STRING_CATALOG_GENERATE_SYMBOLS = YES;
				SWIFT_APPROACHABLE_CONCURRENCY = YES;
				SWIFT_DEFAULT_ACTOR_ISOLATION = MainActor;
				SWIFT_EMIT_LOC_STRINGS = YES;
				SWIFT_UPCOMING_FEATURE_MEMBER_IMPORT_VISIBILITY = YES;
				SWIFT_VERSION = 5.0;
				TARGETED_DEVICE_FAMILY = "1,2";
			};
			name = Debug;
		};
		097FE22D2F5D31300011C372 /* Release */ = {
			isa = XCBuildConfiguration;
			buildSettings = {
				ASSETCATALOG_COMPILER_APPICON_NAME = AppIcon;
				ASSETCATALOG_COMPILER_GLOBAL_ACCENT_COLOR_NAME = AccentColor;
				CODE_SIGN_STYLE = Automatic;
				CURRENT_PROJECT_VERSION = 1;
				DEVELOPMENT_TEAM = NXXKXURBXX;
				GENERATE_INFOPLIST_FILE = YES;
				INFOPLIST_FILE = "iOS (App)/Info.plist";
				INFOPLIST_KEY_CFBundleDisplayName = ToThreadCapture;
				INFOPLIST_KEY_UIApplicationSupportsIndirectInputEvents = YES;
				INFOPLIST_KEY_UILaunchStoryboardName = LaunchScreen;
				INFOPLIST_KEY_UIMainStoryboardFile = Main;
				INFOPLIST_KEY_UISupportedInterfaceOrientations = "UIInterfaceOrientationPortrait UIInterfaceOrientationLandscapeLeft UIInterfaceOrientationLandscapeRight";
				INFOPLIST_KEY_UISupportedInterfaceOrientations_iPad = "UIInterfaceOrientationPortrait UIInterfaceOrientationPortraitUpsideDown UIInterfaceOrientationLandscapeLeft UIInterfaceOrientationLandscapeRight";
				IPHONEOS_DEPLOYMENT_TARGET = 15.0;
				LD_RUNPATH_SEARCH_PATHS = (
					"$(inherited)",
					"@executable_path/Frameworks",
				);
				MARKETING_VERSION = 1.0;
				OTHER_LDFLAGS = (
					"-framework",
					SafariServices,
					"-framework",
					WebKit,
				);
				PRODUCT_BUNDLE_IDENTIFIER = com.zhian.tothread.capture;
				PRODUCT_NAME = ToThreadCapture;
				SDKROOT = iphoneos;
				STRING_CATALOG_GENERATE_SYMBOLS = YES;
				SWIFT_APPROACHABLE_CONCURRENCY = YES;
				SWIFT_DEFAULT_ACTOR_ISOLATION = MainActor;
				SWIFT_EMIT_LOC_STRINGS = YES;
				SWIFT_UPCOMING_FEATURE_MEMBER_IMPORT_VISIBILITY = YES;
				SWIFT_VERSION = 5.0;
				TARGETED_DEVICE_FAMILY = "1,2";
				VALIDATE_PRODUCT = YES;
			};
			name = Release;
		};
		097FE22F2F5D31300011C372 /* Debug */ = {
			isa = XCBuildConfiguration;
			buildSettings = {
				CODE_SIGN_ENTITLEMENTS = "ToThreadCapture Extension (macOS).entitlements";
				CODE_SIGN_STYLE = Automatic;
				CURRENT_PROJECT_VERSION = 1;
				DEVELOPMENT_TEAM = NXXKXURBXX;
				ENABLE_APP_SANDBOX = YES;
				ENABLE_HARDENED_RUNTIME = YES;
				ENABLE_USER_SELECTED_FILES = readonly;
				GENERATE_INFOPLIST_FILE = YES;
				INFOPLIST_FILE = "macOS (Extension)/Info.plist";
				INFOPLIST_KEY_CFBundleDisplayName = "ToThreadCapture Extension";
				INFOPLIST_KEY_NSHumanReadableCopyright = "";
				LD_RUNPATH_SEARCH_PATHS = (
					"$(inherited)",
					"@executable_path/../Frameworks",
					"@executable_path/../../../../Frameworks",
				);
				MACOSX_DEPLOYMENT_TARGET = 10.14;
				MARKETING_VERSION = 1.0;
				OTHER_LDFLAGS = (
					"-framework",
					SafariServices,
				);
				PRODUCT_BUNDLE_IDENTIFIER = com.zhian.tothread.capture.Extension;
				PRODUCT_NAME = "ToThreadCapture Extension";
				SDKROOT = macosx;
				SKIP_INSTALL = YES;
				STRING_CATALOG_GENERATE_SYMBOLS = YES;
				SWIFT_APPROACHABLE_CONCURRENCY = YES;
				SWIFT_EMIT_LOC_STRINGS = YES;
				SWIFT_UPCOMING_FEATURE_MEMBER_IMPORT_VISIBILITY = YES;
				SWIFT_VERSION = 5.0;
			};
			name = Debug;
		};
		097FE2302F5D31300011C372 /* Release */ = {
			isa = XCBuildConfiguration;
			buildSettings = {
				CODE_SIGN_ENTITLEMENTS = "ToThreadCapture Extension (macOS).entitlements";
				CODE_SIGN_STYLE = Automatic;
				CURRENT_PROJECT_VERSION = 1;
				DEVELOPMENT_TEAM = NXXKXURBXX;
				ENABLE_APP_SANDBOX = YES;
				ENABLE_HARDENED_RUNTIME = YES;
				ENABLE_USER_SELECTED_FILES = readonly;
				GENERATE_INFOPLIST_FILE = YES;
				INFOPLIST_FILE = "macOS (Extension)/Info.plist";
				INFOPLIST_KEY_CFBundleDisplayName = "ToThreadCapture Extension";
				INFOPLIST_KEY_NSHumanReadableCopyright = "";
				LD_RUNPATH_SEARCH_PATHS = (
					"$(inherited)",
					"@executable_path/../Frameworks",
					"@executable_path/../../../../Frameworks",
				);
				MACOSX_DEPLOYMENT_TARGET = 10.14;
				MARKETING_VERSION = 1.0;
				OTHER_LDFLAGS = (
					"-framework",
					SafariServices,
				);
				PRODUCT_BUNDLE_IDENTIFIER = com.zhian.tothread.capture.Extension;
				PRODUCT_NAME = "ToThreadCapture Extension";
				SDKROOT = macosx;
				SKIP_INSTALL = YES;
				STRING_CATALOG_GENERATE_SYMBOLS = YES;
				SWIFT_APPROACHABLE_CONCURRENCY = YES;
				SWIFT_EMIT_LOC_STRINGS = YES;
				SWIFT_UPCOMING_FEATURE_MEMBER_IMPORT_VISIBILITY = YES;
				SWIFT_VERSION = 5.0;
			};
			name = Release;
		};
		097FE2332F5D31300011C372 /* Debug */ = {
			isa = XCBuildConfiguration;
			buildSettings = {
				ASSETCATALOG_COMPILER_APPICON_NAME = AppIcon;
				ASSETCATALOG_COMPILER_GLOBAL_ACCENT_COLOR_NAME = AccentColor;
				CODE_SIGN_STYLE = Automatic;
				CURRENT_PROJECT_VERSION = 1;
				DEVELOPMENT_TEAM = NXXKXURBXX;
				ENABLE_APP_SANDBOX = YES;
				ENABLE_HARDENED_RUNTIME = YES;
				ENABLE_OUTGOING_NETWORK_CONNECTIONS = YES;
				ENABLE_USER_SELECTED_FILES = readonly;
				GENERATE_INFOPLIST_FILE = YES;
				INFOPLIST_FILE = "macOS (App)/Info.plist";
				INFOPLIST_KEY_CFBundleDisplayName = ToThreadCapture;
				INFOPLIST_KEY_NSMainStoryboardFile = Main;
				INFOPLIST_KEY_NSPrincipalClass = NSApplication;
				LD_RUNPATH_SEARCH_PATHS = (
					"$(inherited)",
					"@executable_path/../Frameworks",
				);
				MACOSX_DEPLOYMENT_TARGET = 10.14;
				MARKETING_VERSION = 1.0;
				OTHER_LDFLAGS = (
					"-framework",
					SafariServices,
					"-framework",
					WebKit,
				);
				PRODUCT_BUNDLE_IDENTIFIER = com.zhian.tothread.capture;
				PRODUCT_NAME = ToThreadCapture;
				REGISTER_APP_GROUPS = YES;
				SDKROOT = macosx;
				STRING_CATALOG_GENERATE_SYMBOLS = YES;
				SWIFT_APPROACHABLE_CONCURRENCY = YES;
				SWIFT_DEFAULT_ACTOR_ISOLATION = MainActor;
				SWIFT_EMIT_LOC_STRINGS = YES;
				SWIFT_UPCOMING_FEATURE_MEMBER_IMPORT_VISIBILITY = YES;
				SWIFT_VERSION = 5.0;
			};
			name = Debug;
		};
		097FE2342F5D31300011C372 /* Release */ = {
			isa = XCBuildConfiguration;
			buildSettings = {
				ASSETCATALOG_COMPILER_APPICON_NAME = AppIcon;
				ASSETCATALOG_COMPILER_GLOBAL_ACCENT_COLOR_NAME = AccentColor;
				CODE_SIGN_STYLE = Automatic;
				CURRENT_PROJECT_VERSION = 1;
				DEVELOPMENT_TEAM = NXXKXURBXX;
				ENABLE_APP_SANDBOX = YES;
				ENABLE_HARDENED_RUNTIME = YES;
				ENABLE_OUTGOING_NETWORK_CONNECTIONS = YES;
				ENABLE_USER_SELECTED_FILES = readonly;
				GENERATE_INFOPLIST_FILE = YES;
				INFOPLIST_FILE = "macOS (App)/Info.plist";
				INFOPLIST_KEY_CFBundleDisplayName = ToThreadCapture;
				INFOPLIST_KEY_NSMainStoryboardFile = Main;
				INFOPLIST_KEY_NSPrincipalClass = NSApplication;
				LD_RUNPATH_SEARCH_PATHS = (
					"$(inherited)",
					"@executable_path/../Frameworks",
				);
				MACOSX_DEPLOYMENT_TARGET = 10.14;
				MARKETING_VERSION = 1.0;
				OTHER_LDFLAGS = (
					"-framework",
					SafariServices,
					"-framework",
					WebKit,
				);
				PRODUCT_BUNDLE_IDENTIFIER = com.zhian.tothread.capture;
				PRODUCT_NAME = ToThreadCapture;
				REGISTER_APP_GROUPS = YES;
				SDKROOT = macosx;
				STRING_CATALOG_GENERATE_SYMBOLS = YES;
				SWIFT_APPROACHABLE_CONCURRENCY = YES;
				SWIFT_DEFAULT_ACTOR_ISOLATION = MainActor;
				SWIFT_EMIT_LOC_STRINGS = YES;
				SWIFT_UPCOMING_FEATURE_MEMBER_IMPORT_VISIBILITY = YES;
				SWIFT_VERSION = 5.0;
			};
			name = Release;
		};
/* End XCBuildConfiguration section */

/* Begin XCConfigurationList section */
		097FE1D92F5D312F0011C372 /* Build configuration list for PBXProject "ToThreadCapture" */ = {
			isa = XCConfigurationList;
			buildConfigurations = (
				097FE2252F5D31300011C372 /* Debug */,
				097FE2262F5D31300011C372 /* Release */,
			);
			defaultConfigurationIsVisible = 0;
			defaultConfigurationName = Release;
		};
		097FE2272F5D31300011C372 /* Build configuration list for PBXNativeTarget "ToThreadCapture Extension (iOS)" */ = {
			isa = XCConfigurationList;
			buildConfigurations = (
				097FE2282F5D31300011C372 /* Debug */,
				097FE2292F5D31300011C372 /* Release */,
			);
			defaultConfigurationIsVisible = 0;
			defaultConfigurationName = Release;
		};
		097FE22B2F5D31300011C372 /* Build configuration list for PBXNativeTarget "ToThreadCapture (iOS)" */ = {
			isa = XCConfigurationList;
			buildConfigurations = (
				097FE22C2F5D31300011C372 /* Debug */,
				097FE22D2F5D31300011C372 /* Release */,
			);
			defaultConfigurationIsVisible = 0;
			defaultConfigurationName = Release;
		};
		097FE22E2F5D31300011C372 /* Build configuration list for PBXNativeTarget "ToThreadCapture Extension (macOS)" */ = {
			isa = XCConfigurationList;
			buildConfigurations = (
				097FE22F2F5D31300011C372 /* Debug */,
				097FE2302F5D31300011C372 /* Release */,
			);
			defaultConfigurationIsVisible = 0;
			defaultConfigurationName = Release;
		};
		097FE2322F5D31300011C372 /* Build configuration list for PBXNativeTarget "ToThreadCapture (macOS)" */ = {
			isa = XCConfigurationList;
			buildConfigurations = (
				097FE2332F5D31300011C372 /* Debug */,
				097FE2342F5D31300011C372 /* Release */,
			);
			defaultConfigurationIsVisible = 0;
			defaultConfigurationName = Release;
		};
/* End XCConfigurationList section */
	};
	rootObject = 097FE1D62F5D312F0011C372 /* Project object */;
}
